// !$*UTF8*$!
{
	archiveVersion = 1;
	classes = {
	};
	objectVersion = 56;
	objects = {

/* Begin PBXBuildFile section */
		152810BC2C158A0600644660 /* Location.swift in Sources */ = {isa = PBXBuildFile; fileRef = 152810BB2C158A0600644660 /* Location.swift */; };
		152810BE2C158A9600644660 /* Weather.swift in Sources */ = {isa = PBXBuildFile; fileRef = 152810BD2C158A9600644660 /* Weather.swift */; };
		152810C12C158BA300644660 /* APIEndpoint.swift in Sources */ = {isa = PBXBuildFile; fileRef = 152810C02C158BA300644660 /* APIEndpoint.swift */; };
		152810C42C158C4600644660 /* Constants.swift in Sources */ = {isa = PBXBuildFile; fileRef = 152810C32C158C4600644660 /* Constants.swift */; };
		152810C62C15911F00644660 /* GeocodingClient.swift in Sources */ = {isa = PBXBuildFile; fileRef = 152810C52C15911F00644660 /* GeocodingClient.swift */; };
		152810C82C1594B600644660 /* WeatherClient.swift in Sources */ = {isa = PBXBuildFile; fileRef = 152810C72C1594B600644660 /* WeatherClient.swift */; };
		152810CB2C15992100644660 /* MeasurementFormatter.swift in Sources */ = {isa = PBXBuildFile; fileRef = 152810CA2C15992100644660 /* MeasurementFormatter.swift */; };
		15CD2E6B2C10A55D00ECCB39 /* WeatherAppApp.swift in Sources */ = {isa = PBXBuildFile; fileRef = 15CD2E6A2C10A55D00ECCB39 /* WeatherAppApp.swift */; };
		15CD2E6D2C10A55D00ECCB39 /* ContentView.swift in Sources */ = {isa = PBXBuildFile; fileRef = 15CD2E6C2C10A55D00ECCB39 /* ContentView.swift */; };
		15CD2E6F2C10A55E00ECCB39 /* Assets.xcassets in Resources */ = {isa = PBXBuildFile; fileRef = 15CD2E6E2C10A55E00ECCB39 /* Assets.xcassets */; };
		15CD2E722C10A55E00ECCB39 /* Preview Assets.xcassets in Resources */ = {isa = PBXBuildFile; fileRef = 15CD2E712C10A55E00ECCB39 /* Preview Assets.xcassets */; };
/* End PBXBuildFile section */

/* Begin PBXFileReference section */
		152810BB2C158A0600644660 /* Location.swift */ = {isa = PBXFileReference; lastKnownFileType = sourcecode.swift; path = Location.swift; sourceTree = "<group>"; };
		152810BD2C158A9600644660 /* Weather.swift */ = {isa = PBXFileReference; lastKnownFileType = sourcecode.swift; path = Weather.swift; sourceTree = "<group>"; };
		152810C02C158BA300644660 /* APIEndpoint.swift */ = {isa = PBXFileReference; lastKnownFileType = sourcecode.swift; path = APIEndpoint.swift; sourceTree = "<group>"; };
		152810C32C158C4600644660 /* Constants.swift */ = {isa = PBXFileReference; lastKnownFileType = sourcecode.swift; path = Constants.swift; sourceTree = "<group>"; };
		152810C52C15911F00644660 /* GeocodingClient.swift */ = {isa = PBXFileReference; lastKnownFileType = sourcecode.swift; path = GeocodingClient.swift; sourceTree = "<group>"; };
		152810C72C1594B600644660 /* WeatherClient.swift */ = {isa = PBXFileReference; lastKnownFileType = sourcecode.swift; path = WeatherClient.swift; sourceTree = "<group>"; };
		152810CA2C15992100644660 /* MeasurementFormatter.swift */ = {isa = PBXFileReference; lastKnownFileType = sourcecode.swift; path = MeasurementFormatter.swift; sourceTree = "<group>"; };
		15CD2E672C10A55D00ECCB39 /* WeatherApp.app */ = {isa = PBXFileReference; explicitFileType = wrapper.application; includeInIndex = 0; path = WeatherApp.app; sourceTree = BUILT_PRODUCTS_DIR; };
		15CD2E6A2C10A55D00ECCB39 /* WeatherAppApp.swift */ = {isa = PBXFileReference; lastKnownFileType = sourcecode.swift; path = WeatherAppApp.swift; sourceTree = "<group>"; };
		15CD2E6C2C10A55D00ECCB39 /* ContentView.swift */ = {isa = PBXFileReference; lastKnownFileType = sourcecode.swift; path = ContentView.swift; sourceTree = "<group>"; };
		15CD2E6E2C10A55E00ECCB39 /* Assets.xcassets */ = {isa = PBXFileReference; lastKnownFileType = folder.assetcatalog; path = Assets.xcassets; sourceTree = "<group>"; };
		15CD2E712C10A55E00ECCB39 /* Preview Assets.xcassets */ = {isa = PBXFileReference; lastKnownFileType = folder.assetcatalog; path = "Preview Assets.xcassets"; sourceTree = "<group>"; };
/* End PBXFileReference section */

/* Begin PBXFrameworksBuildPhase section */
		15CD2E642C10A55D00ECCB39 /* Frameworks */ = {
			isa = PBXFrameworksBuildPhase;
			buildActionMask = 2147483647;
			files = (
			);
			runOnlyForDeploymentPostprocessing = 0;
		};
/* End PBXFrameworksBuildPhase section */

/* Begin PBXGroup section */
		152810BA2C1589CC00644660 /* Models */ = {
			isa = PBXGroup;
			children = (
				152810BB2C158A0600644660 /* Location.swift */,
				152810BD2C158A9600644660 /* Weather.swift */,
			);
			path = Models;
			sourceTree = "<group>";
		};
		152810BF2C158B8E00644660 /* Clients */ = {
			isa = PBXGroup;
			children = (
				152810C02C158BA300644660 /* APIEndpoint.swift */,
				152810C52C15911F00644660 /* GeocodingClient.swift */,
				152810C72C1594B600644660 /* WeatherClient.swift */,
			);
			path = Clients;
			sourceTree = "<group>";
		};
		152810C22C158C3900644660 /* Utilities */ = {
			isa = PBXGroup;
			children = (
				152810C32C158C4600644660 /* Constants.swift */,
			);
			path = Utilities;
			sourceTree = "<group>";
		};
		152810C92C15990F00644660 /* Extensions */ = {
			isa = PBXGroup;
			children = (
				152810CA2C15992100644660 /* MeasurementFormatter.swift */,
			);
			path = Extensions;
			sourceTree = "<group>";
		};
		15CD2E5E2C10A55D00ECCB39 = {
			isa = PBXGroup;
			children = (
				15CD2E692C10A55D00ECCB39 /* WeatherApp */,
				15CD2E682C10A55D00ECCB39 /* Products */,
			);
			sourceTree = "<group>";
		};
		15CD2E682C10A55D00ECCB39 /* Products */ = {
			isa = PBXGroup;
			children = (
				15CD2E672C10A55D00ECCB39 /* WeatherApp.app */,
			);
			name = Products;
			sourceTree = "<group>";
		};
		15CD2E692C10A55D00ECCB39 /* WeatherApp */ = {
			isa = PBXGroup;
			children = (
				152810C92C15990F00644660 /* Extensions */,
				152810C22C158C3900644660 /* Utilities */,
				152810BF2C158B8E00644660 /* Clients */,
				152810BA2C1589CC00644660 /* Models */,
				15CD2E6A2C10A55D00ECCB39 /* WeatherAppApp.swift */,
				15CD2E6C2C10A55D00ECCB39 /* ContentView.swift */,
				15CD2E6E2C10A55E00ECCB39 /* Assets.xcassets */,
				15CD2E702C10A55E00ECCB39 /* Preview Content */,
			);
			path = WeatherApp;
			sourceTree = "<group>";
		};
		15CD2E702C10A55E00ECCB39 /* Preview Content */ = {
			isa = PBXGroup;
			children = (
				15CD2E712C10A55E00ECCB39 /* Preview Assets.xcassets */,
			);
			path = "Preview Content";
			sourceTree = "<group>";
		};
/* End PBXGroup section */

/* Begin PBXNativeTarget section */
		15CD2E662C10A55D00ECCB39 /* WeatherApp */ = {
			isa = PBXNativeTarget;
			buildConfigurationList = 15CD2E752C10A55E00ECCB39 /* Build configuration list for PBXNativeTarget "WeatherApp" */;
			buildPhases = (
				15CD2E632C10A55D00ECCB39 /* Sources */,
				15CD2E642C10A55D00ECCB39 /* Frameworks */,
				15CD2E652C10A55D00ECCB39 /* Resources */,
			);
			buildRules = (
			);
			dependencies = (
			);
			name = WeatherApp;
			productName = WeatherApp;
			productReference = 15CD2E672C10A55D00ECCB39 /* WeatherApp.app */;
			productType = "com.apple.product-type.application";
		};
/* End PBXNativeTarget section */

/* Begin PBXProject section */
		15CD2E5F2C10A55D00ECCB39 /* Project object */ = {
			isa = PBXProject;
			attributes = {
				BuildIndependentTargetsInParallel = 1;
				LastSwiftUpdateCheck = 1540;
				LastUpgradeCheck = 1540;
				TargetAttributes = {
					15CD2E662C10A55D00ECCB39 = {
						CreatedOnToolsVersion = 15.4;
					};
				};
			};
			buildConfigurationList = 15CD2E622C10A55D00ECCB39 /* Build configuration list for PBXProject "WeatherApp" */;
			compatibilityVersion = "Xcode 14.0";
			developmentRegion = en;
			hasScannedForEncodings = 0;
			knownRegions = (
				en,
				Base,
			);
			mainGroup = 15CD2E5E2C10A55D00ECCB39;
			productRefGroup = 15CD2E682C10A55D00ECCB39 /* Products */;
			projectDirPath = "";
			projectRoot = "";
			targets = (
				15CD2E662C10A55D00ECCB39 /* WeatherApp */,
			);
		};
/* End PBXProject section */

/* Begin PBXResourcesBuildPhase section */
		15CD2E652C10A55D00ECCB39 /* Resources */ = {
			isa = PBXResourcesBuildPhase;
			buildActionMask = 2147483647;
			files = (
				15CD2E722C10A55E00ECCB39 /* Preview Assets.xcassets in Resources */,
				15CD2E6F2C10A55E00ECCB39 /* Assets.xcassets in Resources */,
			);
			runOnlyForDeploymentPostprocessing = 0;
		};
/* End PBXResourcesBuildPhase section */

/* Begin PBXSourcesBuildPhase section */
		15CD2E632C10A55D00ECCB39 /* Sources */ = {
			isa = PBXSourcesBuildPhase;
			buildActionMask = 2147483647;
			files = (
				152810BE2C158A9600644660 /* Weather.swift in Sources */,
				15CD2E6D2C10A55D00ECCB39 /* ContentView.swift in Sources */,
				152810C62C15911F00644660 /* GeocodingClient.swift in Sources */,
				152810BC2C158A0600644660 /* Location.swift in Sources */,
				15CD2E6B2C10A55D00ECCB39 /* WeatherAppApp.swift in Sources */,
				152810C82C1594B600644660 /* WeatherClient.swift in Sources */,
				152810C12C158BA300644660 /* APIEndpoint.swift in Sources */,
				152810CB2C15992100644660 /* MeasurementFormatter.swift in Sources */,
				152810C42C158C4600644660 /* Constants.swift in Sources */,
			);
			runOnlyForDeploymentPostprocessing = 0;
		};
/* End PBXSourcesBuildPhase section */

/* Begin XCBuildConfiguration section */
		15CD2E732C10A55E00ECCB39 /* Debug */ = {
			isa = XCBuildConfiguration;
			buildSettings = {
				ALWAYS_SEARCH_USER_PATHS = NO;
				ASSETCATALOG_COMPILER_GENERATE_SWIFT_ASSET_SYMBOL_EXTENSIONS = YES;
				CLANG_ANALYZER_NONNULL = YES;
				CLANG_ANALYZER_NUMBER_OBJECT_CONVERSION = YES_AGGRESSIVE;
				CLANG_CXX_LANGUAGE_STANDARD = "gnu++20";
				CLANG_ENABLE_MODULES = YES;
				CLANG_ENABLE_OBJC_ARC = YES;
				CLANG_ENABLE_OBJC_WEAK = YES;
				CLANG_WARN_BLOCK_CAPTURE_AUTORELEASING = YES;
				CLANG_WARN_BOOL_CONVERSION = YES;
				CLANG_WARN_COMMA = YES;
				CLANG_WARN_CONSTANT_CONVERSION = YES;
				CLANG_WARN_DEPRECATED_OBJC_IMPLEMENTATIONS = YES;
				CLANG_WARN_DIRECT_OBJC_ISA_USAGE = YES_ERROR;
				CLANG_WARN_DOCUMENTATION_COMMENTS = YES;
				CLANG_WARN_EMPTY_BODY = YES;
				CLANG_WARN_ENUM_CONVERSION = YES;
				CLANG_WARN_INFINITE_RECURSION = YES;
				CLANG_WARN_INT_CONVERSION = YES;
				CLANG_WARN_NON_LITERAL_NULL_CONVERSION = YES;
				CLANG_WARN_OBJC_IMPLICIT_RETAIN_SELF = YES;
				CLANG_WARN_OBJC_LITERAL_CONVERSION = YES;
				CLANG_WARN_OBJC_ROOT_CLASS = YES_ERROR;
				CLANG_WARN_QUOTED_INCLUDE_IN_FRAMEWORK_HEADER = YES;
				CLANG_WARN_RANGE_LOOP_ANALYSIS = YES;
				CLANG_WARN_STRICT_PROTOTYPES = YES;
				CLANG_WARN_SUSPICIOUS_MOVE = YES;
				CLANG_WARN_UNGUARDED_AVAILABILITY = YES_AGGRESSIVE;
				CLANG_WARN_UNREACHABLE_CODE = YES;
				CLANG_WARN__DUPLICATE_METHOD_MATCH = YES;
				COPY_PHASE_STRIP = NO;
				DEBUG_INFORMATION_FORMAT = dwarf;
				ENABLE_STRICT_OBJC_MSGSEND = YES;
				ENABLE_TESTABILITY = YES;
				ENABLE_USER_SCRIPT_SANDBOXING = YES;
				GCC_C_LANGUAGE_STANDARD = gnu17;
				GCC_DYNAMIC_NO_PIC = NO;
				GCC_NO_COMMON_BLOCKS = YES;
				GCC_OPTIMIZATION_LEVEL = 0;
				GCC_PREPROCESSOR_DEFINITIONS = (
					"DEBUG=1",
					"$(inherited)",
				);
				GCC_WARN_64_TO_32_BIT_CONVERSION = YES;
				GCC_WARN_ABOUT_RETURN_TYPE = YES_ERROR;
				GCC_WARN_UNDECLARED_SELECTOR = YES;
				GCC_WARN_UNINITIALIZED_AUTOS = YES_AGGRESSIVE;
				GCC_WARN_UNUSED_FUNCTION = YES;
				GCC_WARN_UNUSED_VARIABLE = YES;
				IPHONEOS_DEPLOYMENT_TARGET = 17.5;
				LOCALIZATION_PREFERS_STRING_CATALOGS = YES;
				MTL_ENABLE_DEBUG_INFO = INCLUDE_SOURCE;
				MTL_FAST_MATH = YES;
				ONLY_ACTIVE_ARCH = YES;
				SDKROOT = iphoneos;
				SWIFT_ACTIVE_COMPILATION_CONDITIONS = "DEBUG $(inherited)";
				SWIFT_OPTIMIZATION_LEVEL = "-Onone";
			};
			name = Debug;
		};
		15CD2E742C10A55E00ECCB39 /* Release */ = {
			isa = XCBuildConfiguration;
			buildSettings = {
				ALWAYS_SEARCH_USER_PATHS = NO;
				ASSETCATALOG_COMPILER_GENERATE_SWIFT_ASSET_SYMBOL_EXTENSIONS = YES;
				CLANG_ANALYZER_NONNULL = YES;
				CLANG_ANALYZER_NUMBER_OBJECT_CONVERSION = YES_AGGRESSIVE;
				CLANG_CXX_LANGUAGE_STANDARD = "gnu++20";
				CLANG_ENABLE_MODULES = YES;
				CLANG_ENABLE_OBJC_ARC = YES;
				CLANG_ENABLE_OBJC_WEAK = YES;
				CLANG_WARN_BLOCK_CAPTURE_AUTORELEASING = YES;
				CLANG_WARN_BOOL_CONVERSION = YES;
				CLANG_WARN_COMMA = YES;
				CLANG_WARN_CONSTANT_CONVERSION = YES;
				CLANG_WARN_DEPRECATED_OBJC_IMPLEMENTATIONS = YES;
				CLANG_WARN_DIRECT_OBJC_ISA_USAGE = YES_ERROR;
				CLANG_WARN_DOCUMENTATION_COMMENTS = YES;
				CLANG_WARN_EMPTY_BODY = YES;
				CLANG_WARN_ENUM_CONVERSION = YES;
				CLANG_WARN_INFINITE_RECURSION = YES;
				CLANG_WARN_INT_CONVERSION = YES;
				CLANG_WARN_NON_LITERAL_NULL_CONVERSION = YES;
				CLANG_WARN_OBJC_IMPLICIT_RETAIN_SELF = YES;
				CLANG_WARN_OBJC_LITERAL_CONVERSION = YES;
				CLANG_WARN_OBJC_ROOT_CLASS = YES_ERROR;
				CLANG_WARN_QUOTED_INCLUDE_IN_FRAMEWORK_HEADER = YES;
				CLANG_WARN_RANGE_LOOP_ANALYSIS = YES;
				CLANG_WARN_STRICT_PROTOTYPES = YES;
				CLANG_WARN_SUSPICIOUS_MOVE = YES;
				CLANG_WARN_UNGUARDED_AVAILABILITY = YES_AGGRESSIVE;
				CLANG_WARN_UNREACHABLE_CODE = YES;
				CLANG_WARN__DUPLICATE_METHOD_MATCH = YES;
				COPY_PHASE_STRIP = NO;
				DEBUG_INFORMATION_FORMAT = "dwarf-with-dsym";
				ENABLE_NS_ASSERTIONS = NO;
				ENABLE_STRICT_OBJC_MSGSEND = YES;
				ENABLE_USER_SCRIPT_SANDBOXING = YES;
				GCC_C_LANGUAGE_STANDARD = gnu17;
				GCC_NO_COMMON_BLOCKS = YES;
				GCC_WARN_64_TO_32_BIT_CONVERSION = YES;
				GCC_WARN_ABOUT_RETURN_TYPE = YES_ERROR;
				GCC_WARN_UNDECLARED_SELECTOR = YES;
				GCC_WARN_UNINITIALIZED_AUTOS = YES_AGGRESSIVE;
				GCC_WARN_UNUSED_FUNCTION = YES;
				GCC_WARN_UNUSED_VARIABLE = YES;
				IPHONEOS_DEPLOYMENT_TARGET = 17.5;
				LOCALIZATION_PREFERS_STRING_CATALOGS = YES;
				MTL_ENABLE_DEBUG_INFO = NO;
				MTL_FAST_MATH = YES;
				SDKROOT = iphoneos;
				SWIFT_COMPILATION_MODE = wholemodule;
				VALIDATE_PRODUCT = YES;
			};
			name = Release;
		};
		15CD2E762C10A55E00ECCB39 /* Debug */ = {
			isa = XCBuildConfiguration;
			buildSettings = {
				ASSETCATALOG_COMPILER_APPICON_NAME = AppIcon;
				ASSETCATALOG_COMPILER_GLOBAL_ACCENT_COLOR_NAME = AccentColor;
				CODE_SIGN_STYLE = Automatic;
				CURRENT_PROJECT_VERSION = 1;
				DEVELOPMENT_ASSET_PATHS = "\"WeatherApp/Preview Content\"";
				DEVELOPMENT_TEAM = 866J3ZXRZ3;
				ENABLE_PREVIEWS = YES;
				GENERATE_INFOPLIST_FILE = YES;
				INFOPLIST_KEY_UIApplicationSceneManifest_Generation = YES;
				INFOPLIST_KEY_UIApplicationSupportsIndirectInputEvents = YES;
				INFOPLIST_KEY_UILaunchScreen_Generation = YES;
				INFOPLIST_KEY_UISupportedInterfaceOrientations_iPad = "UIInterfaceOrientationPortrait UIInterfaceOrientationPortraitUpsideDown UIInterfaceOrientationLandscapeLeft UIInterfaceOrientationLandscapeRight";
				INFOPLIST_KEY_UISupportedInterfaceOrientations_iPhone = "UIInterfaceOrientationPortrait UIInterfaceOrientationLandscapeLeft UIInterfaceOrientationLandscapeRight";
				LD_RUNPATH_SEARCH_PATHS = (
					"$(inherited)",
					"@executable_path/Frameworks",
				);
				MARKETING_VERSION = 1.0;
				PRODUCT_BUNDLE_IDENTIFIER = TechTribeServices.WeatherApp;
				PRODUCT_NAME = "$(TARGET_NAME)";
				SWIFT_EMIT_LOC_STRINGS = YES;
				SWIFT_VERSION = 5.0;
				TARGETED_DEVICE_FAMILY = "1,2";
			};
			name = Debug;
		};
		15CD2E772C10A55E00ECCB39 /* Release */ = {
			isa = XCBuildConfiguration;
			buildSettings = {
				ASSETCATALOG_COMPILER_APPICON_NAME = AppIcon;
				ASSETCATALOG_COMPILER_GLOBAL_ACCENT_COLOR_NAME = AccentColor;
				CODE_SIGN_STYLE = Automatic;
				CURRENT_PROJECT_VERSION = 1;
				DEVELOPMENT_ASSET_PATHS = "\"WeatherApp/Preview Content\"";
				DEVELOPMENT_TEAM = 866J3ZXRZ3;
				ENABLE_PREVIEWS = YES;
				GENERATE_INFOPLIST_FILE = YES;
				INFOPLIST_KEY_UIApplicationSceneManifest_Generation = YES;
				INFOPLIST_KEY_UIApplicationSupportsIndirectInputEvents = YES;
				INFOPLIST_KEY_UILaunchScreen_Generation = YES;
				INFOPLIST_KEY_UISupportedInterfaceOrientations_iPad = "UIInterfaceOrientationPortrait UIInterfaceOrientationPortraitUpsideDown UIInterfaceOrientationLandscapeLeft UIInterfaceOrientationLandscapeRight";
				INFOPLIST_KEY_UISupportedInterfaceOrientations_iPhone = "UIInterfaceOrientationPortrait UIInterfaceOrientationLandscapeLeft UIInterfaceOrientationLandscapeRight";
				LD_RUNPATH_SEARCH_PATHS = (
					"$(inherited)",
					"@executable_path/Frameworks",
				);
				MARKETING_VERSION = 1.0;
				PRODUCT_BUNDLE_IDENTIFIER = TechTribeServices.WeatherApp;
				PRODUCT_NAME = "$(TARGET_NAME)";
				SWIFT_EMIT_LOC_STRINGS = YES;
				SWIFT_VERSION = 5.0;
				TARGETED_DEVICE_FAMILY = "1,2";
			};
			name = Release;
		};
/* End XCBuildConfiguration section */

/* Begin XCConfigurationList section */
		15CD2E622C10A55D00ECCB39 /* Build configuration list for PBXProject "WeatherApp" */ = {
			isa = XCConfigurationList;
			buildConfigurations = (
				15CD2E732C10A55E00ECCB39 /* Debug */,
				15CD2E742C10A55E00ECCB39 /* Release */,
			);
			defaultConfigurationIsVisible = 0;
			defaultConfigurationName = Release;
		};
		15CD2E752C10A55E00ECCB39 /* Build configuration list for PBXNativeTarget "WeatherApp" */ = {
			isa = XCConfigurationList;
			buildConfigurations = (
				15CD2E762C10A55E00ECCB39 /* Debug */,
				15CD2E772C10A55E00ECCB39 /* Release */,
			);
			defaultConfigurationIsVisible = 0;
			defaultConfigurationName = Release;
		};
/* End XCConfigurationList section */
	};
	rootObject = 15CD2E5F2C10A55D00ECCB39 /* Project object */;
}
